PODS:
  - Alamofire (4.5.1)
  - Moya (9.0.0):
    - Moya/Core (= 9.0.0)
  - Moya/Core (9.0.0):
    - Alamofire (~> 4.1)
    - Result (~> 3.0)
  - Result (3.2.3)

DEPENDENCIES:
  - Moya

SPEC CHECKSUMS:
  Alamofire: 2d95912bf4c34f164fdfc335872e8c312acaea4a
  Moya: cf5e6ee93af526532f92614004b8ad2ea60fd845
  Result: 128640a6347e8d2ae48b142556739a2d13f90ce6

PODFILE CHECKSUM: 40c27b3d0f5807c3dc782e434d7cbcb8f675337f

COCOAPODS: 1.3.1
